
Microsoft Visual Studio Solution File, Format Version 12.00
# Visual Studio Version 17
VisualStudioVersion = 17.11.35312.102
MinimumVisualStudioVersion = 10.0.40219.1
Project("{FAE04EC0-301F-11D3-BF4B-00C04F79EFBC}") = "Lab6.1", "Lab6.1.csproj", "{399ACA00-909A-4387-868B-A55B53E360E7}"
EndProject
Global
	GlobalSection(SolutionConfigurationPlatforms) = preSolution
		Debug|Any CPU = Debug|Any CPU
		Release|Any CPU = Release|Any CPU
	EndGlobalSection
	GlobalSection(ProjectConfigurationPlatforms) = postSolution
		{399ACA00-909A-4387-868B-A55B53E360E7}.Debug|Any CPU.ActiveCfg = Debug|Any CPU
		{399ACA00-909A-4387-868B-A55B53E360E7}.Debug|Any CPU.Build.0 = Debug|Any CPU
		{399ACA00-909A-4387-868B-A55B53E360E7}.Release|Any CPU.ActiveCfg = Release|Any CPU
		{399ACA00-909A-4387-868B-A55B53E360E7}.Release|Any CPU.Build.0 = Release|Any CPU
	EndGlobalSection
	GlobalSection(SolutionProperties) = preSolution
		HideSolutionNode = FALSE
	EndGlobalSection
	GlobalSection(ExtensibilityGlobals) = postSolution
		SolutionGuid = {52F1245D-041A-46E4-B408-31CD365F9987}
	EndGlobalSection
EndGlobal
